
Microsoft Visual Studio Solution File, Format Version 12.00
Project("{FAE04EC0-301F-11D3-BF4B-00C04F79EFBC}") = "CodeGardenApi", "CodeGardenApi\CodeGardenApi.csproj", "{2AB26AD0-3E3E-4CF5-B39C-CE1EBDF22E5B}"
EndProject
Project("{2150E333-8FDC-42A3-9474-1A3956D46DE8}") = "Solution Items", "Solution Items", "{2A7C490B-FEE6-4E0D-8570-12B167EB16F9}"
	ProjectSection(SolutionItems) = preProject
		docker-compose.yml = docker-compose.yml
	EndProjectSection
EndProject
Global
	GlobalSection(SolutionConfigurationPlatforms) = preSolution
		Debug|Any CPU = Debug|Any CPU
		Release|Any CPU = Release|Any CPU
	EndGlobalSection
	GlobalSection(ProjectConfigurationPlatforms) = postSolution
		{2AB26AD0-3E3E-4CF5-B39C-CE1EBDF22E5B}.Debug|Any CPU.ActiveCfg = Debug|Any CPU
		{2AB26AD0-3E3E-4CF5-B39C-CE1EBDF22E5B}.Debug|Any CPU.Build.0 = Debug|Any CPU
		{2AB26AD0-3E3E-4CF5-B39C-CE1EBDF22E5B}.Release|Any CPU.ActiveCfg = Release|Any CPU
		{2AB26AD0-3E3E-4CF5-B39C-CE1EBDF22E5B}.Release|Any CPU.Build.0 = Release|Any CPU
	EndGlobalSection
EndGlobal
